{
  "name": "motophoto",
  "lockfileVersion": 3,
  "requires": true,
  "packages": {
    "": {
      "devDependencies": {
        "@types/bun": "^1.3.11",
        "@types/node": "^25.5.0",
        "@xevion/tempo": "^0.1.2"
      }
    },
    "node_modules/@catppuccin/palette": {
      "version": "1.8.0",
      "resolved": "https://registry.npmjs.org/@catppuccin/palette/-/palette-1.8.0.tgz",
      "integrity": "sha512-qXhwKiLzQomUygUJYB36YAFgs+dET5bIocfkiaFIatQF5Pwc7L112TlF9P8J5Oqs3x3XTjYSucG0ncHXSCuk7Q==",
      "dev": true,
      "funding": [
        {
          "type": "opencollective",
          "url": "https://opencollective.com/catppuccin"
        },
        {
          "type": "github",
          "url": "https://github.com/sponsors/catppuccin"
        }
      ],
      "license": "MIT"
    },
    "node_modules/@logtape/file": {
      "version": "2.0.5",
      "resolved": "https://registry.npmjs.org/@logtape/file/-/file-2.0.5.tgz",
      "integrity": "sha512-SJ2UZ00IJptilqDMFwPIGmZLMTYNZbP7k4+7aBfP5DoLVifSmQoaxP2HtXMdExXhGP4/JrFepLE86ryPBUKB/Q==",
      "dev": true,
      "funding": [
        "https://github.com/sponsors/dahlia"
      ],
      "license": "MIT",
      "peerDependencies": {
        "@logtape/logtape": "^2.0.5"
      }
    },
    "node_modules/@logtape/logtape": {
      "version": "2.0.5",
      "resolved": "https://registry.npmjs.org/@logtape/logtape/-/logtape-2.0.5.tgz",
      "integrity": "sha512-UizDkh20ZPJVOddRxG1F77WhHdlNl/sbQgoO8T534R7XvUBMAJ9En9f35u+meW2tRsNLvjz6R87Zanwf53tspQ==",
      "dev": true,
      "funding": [
        "https://github.com/sponsors/dahlia"
      ],
      "license": "MIT",
      "peer": true
    },
    "node_modules/@types/bun": {
      "version": "1.3.11",
      "resolved": "https://registry.npmjs.org/@types/bun/-/bun-1.3.11.tgz",
      "integrity": "sha512-5vPne5QvtpjGpsGYXiFyycfpDF2ECyPcTSsFBMa0fraoxiQyMJ3SmuQIGhzPg2WJuWxVBoxWJ2kClYTcw/4fAg==",
      "dev": true,
      "license": "MIT",
      "dependencies": {
        "bun-types": "1.3.11"
      }
    },
    "node_modules/@types/node": {
      "version": "25.5.0",
      "resolved": "https://registry.npmjs.org/@types/node/-/node-25.5.0.tgz",
      "integrity": "sha512-jp2P3tQMSxWugkCUKLRPVUpGaL5MVFwF8RDuSRztfwgN1wmqJeMSbKlnEtQqU8UrhTmzEmZdu2I6v2dpp7XIxw==",
      "dev": true,
      "license": "MIT",
      "dependencies": {
        "undici-types": "~7.18.0"
      }
    },
    "node_modules/@xevion/tempo": {
      "version": "0.1.2",
      "resolved": "https://registry.npmjs.org/@xevion/tempo/-/tempo-0.1.2.tgz",
      "integrity": "sha512-hvE0mUKmu0J8PgwpelPnmOQ1aPQJxPOt92PkgZGMsnfHUv6gPvW13V6REcicsafZZxMuorO5EipC2Ce0TA0S9Q==",
      "dev": true,
      "license": "LGPL-3.0-or-later",
      "dependencies": {
        "@catppuccin/palette": "^1.8.0",
        "@logtape/file": "^2.0.4",
        "@logtape/logtape": "^2.0.4",
        "ansis": "^4.2.0",
        "cleye": "^2.3.0"
      },
      "bin": {
        "tempo": "dist/cli.mjs"
      },
      "engines": {
        "bun": ">=1.0.0",
        "node": ">=22.0.0"
      }
    },
    "node_modules/ansis": {
      "version": "4.2.0",
      "resolved": "https://registry.npmjs.org/ansis/-/ansis-4.2.0.tgz",
      "integrity": "sha512-HqZ5rWlFjGiV0tDm3UxxgNRqsOTniqoKZu0pIAfh7TZQMGuZK+hH0drySty0si0QXj1ieop4+SkSfPZBPPkHig==",
      "dev": true,
      "license": "ISC",
      "engines": {
        "node": ">=14"
      }
    },
    "node_modules/bun-types": {
      "version": "1.3.11",
      "resolved": "https://registry.npmjs.org/bun-types/-/bun-types-1.3.11.tgz",
      "integrity": "sha512-1KGPpoxQWl9f6wcZh57LvrPIInQMn2TQ7jsgxqpRzg+l0QPOFvJVH7HmvHo/AiPgwXy+/Thf6Ov3EdVn1vOabg==",
      "dev": true,
      "license": "MIT",
      "dependencies": {
        "@types/node": "*"
      }
    },
    "node_modules/cleye": {
      "version": "2.3.0",
      "resolved": "https://registry.npmjs.org/cleye/-/cleye-2.3.0.tgz",
      "integrity": "sha512-hnROLVsAA8JQo8W65/khA90gPvZ0ymuZqWwQcBpHrrmpIDD2CLvB7HdqAeA0Odxf7RpJLS5Zor0ujlPOXx4IBQ==",
      "dev": true,
      "license": "MIT",
      "dependencies": {
        "terminal-columns": "^2.0.0",
        "type-flag": "^4.1.0"
      },
      "funding": {
        "url": "https://github.com/privatenumber/cleye?sponsor=1"
      }
    },
    "node_modules/terminal-columns": {
      "version": "2.0.0",
      "resolved": "https://registry.npmjs.org/terminal-columns/-/terminal-columns-2.0.0.tgz",
      "integrity": "sha512-6IByuUjyNZJXUtwDNm+OIe62zgwwaRbH+WMNTcx05O2G5V9WhvluAAHJY8OvUdwmzMPpqAD/7EUpGdI6ae1aiQ==",
      "dev": true,
      "license": "MIT",
      "funding": {
        "url": "https://github.com/privatenumber/terminal-columns?sponsor=1"
      }
    },
    "node_modules/type-flag": {
      "version": "4.1.0",
      "resolved": "https://registry.npmjs.org/type-flag/-/type-flag-4.1.0.tgz",
      "integrity": "sha512-I/K5a1jUhdFgzM3L7413akxQRzUYq4sCbef6bMAe6SrIvIdFxGZFJys5M1SiY0d0VrAjZjY4LQzppuTaLHMvSQ==",
      "dev": true,
      "license": "MIT",
      "funding": {
        "url": "https://github.com/privatenumber/type-flag?sponsor=1"
      }
    },
    "node_modules/undici-types": {
      "version": "7.18.2",
      "resolved": "https://registry.npmjs.org/undici-types/-/undici-types-7.18.2.tgz",
      "integrity": "sha512-AsuCzffGHJybSaRrmr5eHr81mwJU3kjw6M+uprWvCXiNeN9SOGwQ3Jn8jb8m3Z6izVgknn1R0FTCEAP2QrLY/w==",
      "dev": true,
      "license": "MIT"
    }
  }
}
